
Microsoft Visual Studio Solution File, Format Version 12.00
# Visual Studio Version 17
VisualStudioVersion = 17.8.34322.80
MinimumVisualStudioVersion = 10.0.40219.1
Project("{FAE04EC0-301F-11D3-BF4B-00C04F79EFBC}") = "ConsoleApp", "ConsoleApp\ConsoleApp.csproj", "{F54AA4C2-2689-4C1B-9A42-920D57421B94}"
EndProject
Project("{FAE04EC0-301F-11D3-BF4B-00C04F79EFBC}") = "Models", "Models\Models.csproj", "{06CC5558-902B-42B0-90F4-0036BF8BCF5E}"
EndProject
Project("{FAE04EC0-301F-11D3-BF4B-00C04F79EFBC}") = "Importer", "Importer\Importer.csproj", "{9C85F3B7-F6B8-443D-A117-3992E94DD164}"
EndProject
Project("{FAE04EC0-301F-11D3-BF4B-00C04F79EFBC}") = "Services", "Services\Services.csproj", "{08D8CD41-D5C4-482F-A846-260548EC6D1B}"
EndProject
Project("{FAE04EC0-301F-11D3-BF4B-00C04F79EFBC}") = "Data", "Data\Data.csproj", "{F26A484F-2F53-477A-B51E-96C5B2602808}"
EndProject
Global
	GlobalSection(SolutionConfigurationPlatforms) = preSolution
		Debug|Any CPU = Debug|Any CPU
		Release|Any CPU = Release|Any CPU
	EndGlobalSection
	GlobalSection(ProjectConfigurationPlatforms) = postSolution
		{F54AA4C2-2689-4C1B-9A42-920D57421B94}.Debug|Any CPU.ActiveCfg = Debug|Any CPU
		{F54AA4C2-2689-4C1B-9A42-920D57421B94}.Debug|Any CPU.Build.0 = Debug|Any CPU
		{F54AA4C2-2689-4C1B-9A42-920D57421B94}.Release|Any CPU.ActiveCfg = Release|Any CPU
		{F54AA4C2-2689-4C1B-9A42-920D57421B94}.Release|Any CPU.Build.0 = Release|Any CPU
		{06CC5558-902B-42B0-90F4-0036BF8BCF5E}.Debug|Any CPU.ActiveCfg = Debug|Any CPU
		{06CC5558-902B-42B0-90F4-0036BF8BCF5E}.Debug|Any CPU.Build.0 = Debug|Any CPU
		{06CC5558-902B-42B0-90F4-0036BF8BCF5E}.Release|Any CPU.ActiveCfg = Release|Any CPU
		{06CC5558-902B-42B0-90F4-0036BF8BCF5E}.Release|Any CPU.Build.0 = Release|Any CPU
		{9C85F3B7-F6B8-443D-A117-3992E94DD164}.Debug|Any CPU.ActiveCfg = Debug|Any CPU
		{9C85F3B7-F6B8-443D-A117-3992E94DD164}.Debug|Any CPU.Build.0 = Debug|Any CPU
		{9C85F3B7-F6B8-443D-A117-3992E94DD164}.Release|Any CPU.ActiveCfg = Release|Any CPU
		{9C85F3B7-F6B8-443D-A117-3992E94DD164}.Release|Any CPU.Build.0 = Release|Any CPU
		{08D8CD41-D5C4-482F-A846-260548EC6D1B}.Debug|Any CPU.ActiveCfg = Debug|Any CPU
		{08D8CD41-D5C4-482F-A846-260548EC6D1B}.Debug|Any CPU.Build.0 = Debug|Any CPU
		{08D8CD41-D5C4-482F-A846-260548EC6D1B}.Release|Any CPU.ActiveCfg = Release|Any CPU
		{08D8CD41-D5C4-482F-A846-260548EC6D1B}.Release|Any CPU.Build.0 = Release|Any CPU
		{F26A484F-2F53-477A-B51E-96C5B2602808}.Debug|Any CPU.ActiveCfg = Debug|Any CPU
		{F26A484F-2F53-477A-B51E-96C5B2602808}.Debug|Any CPU.Build.0 = Debug|Any CPU
		{F26A484F-2F53-477A-B51E-96C5B2602808}.Release|Any CPU.ActiveCfg = Release|Any CPU
		{F26A484F-2F53-477A-B51E-96C5B2602808}.Release|Any CPU.Build.0 = Release|Any CPU
	EndGlobalSection
	GlobalSection(SolutionProperties) = preSolution
		HideSolutionNode = FALSE
	EndGlobalSection
	GlobalSection(ExtensibilityGlobals) = postSolution
		SolutionGuid = {B1F60FD2-E906-4632-AEB9-1A47F10E6050}
	EndGlobalSection
EndGlobal
