
Microsoft Visual Studio Solution File, Format Version 12.00
# Visual Studio Version 16
VisualStudioVersion = 16.0.809.6
MinimumVisualStudioVersion = 10.0.40219.1
Project("{FAE04EC0-301F-11D3-BF4B-00C04F79EFBC}") = "Lab_Practice", "Lab_Practice\Lab_Practice.csproj", "{FBE9806F-384C-4870-B739-59214160A7FC}"
EndProject
Project("{FAE04EC0-301F-11D3-BF4B-00C04F79EFBC}") = "CodeFirst_Practice", "CodeFirst_Practice\CodeFirst_Practice.csproj", "{F1F3AF20-7519-4088-9E1D-15A85CD96226}"
EndProject
Global
	GlobalSection(SolutionConfigurationPlatforms) = preSolution
		Debug|Any CPU = Debug|Any CPU
		Release|Any CPU = Release|Any CPU
	EndGlobalSection
	GlobalSection(ProjectConfigurationPlatforms) = postSolution
		{FBE9806F-384C-4870-B739-59214160A7FC}.Debug|Any CPU.ActiveCfg = Debug|Any CPU
		{FBE9806F-384C-4870-B739-59214160A7FC}.Debug|Any CPU.Build.0 = Debug|Any CPU
		{FBE9806F-384C-4870-B739-59214160A7FC}.Release|Any CPU.ActiveCfg = Release|Any CPU
		{FBE9806F-384C-4870-B739-59214160A7FC}.Release|Any CPU.Build.0 = Release|Any CPU
		{F1F3AF20-7519-4088-9E1D-15A85CD96226}.Debug|Any CPU.ActiveCfg = Debug|Any CPU
		{F1F3AF20-7519-4088-9E1D-15A85CD96226}.Debug|Any CPU.Build.0 = Debug|Any CPU
		{F1F3AF20-7519-4088-9E1D-15A85CD96226}.Release|Any CPU.ActiveCfg = Release|Any CPU
		{F1F3AF20-7519-4088-9E1D-15A85CD96226}.Release|Any CPU.Build.0 = Release|Any CPU
	EndGlobalSection
	GlobalSection(SolutionProperties) = preSolution
		HideSolutionNode = FALSE
	EndGlobalSection
	GlobalSection(ExtensibilityGlobals) = postSolution
		SolutionGuid = {B36DCF98-C41C-4DCB-AFE7-4EA9BE4C6BD9}
	EndGlobalSection
EndGlobal
